
Microsoft Visual Studio Solution File, Format Version 12.00
# Visual Studio Version 17
VisualStudioVersion = 17.11.35327.3
MinimumVisualStudioVersion = 10.0.40219.1
Project("{2150E333-8FDC-42A3-9474-1A3956D46DE8}") = "src", "src", "{3A41532E-6DB7-471D-8B0C-474B8A2F7463}"
EndProject
Project("{2150E333-8FDC-42A3-9474-1A3956D46DE8}") = "test", "test", "{F2A9C228-2AF8-47D0-AD1D-562AA2A429A5}"
EndProject
Project("{2150E333-8FDC-42A3-9474-1A3956D46DE8}") = "UI", "UI", "{17712296-3D43-40C2-B09C-B1CE02DF3338}"
EndProject
Project("{2150E333-8FDC-42A3-9474-1A3956D46DE8}") = "Application", "Application", "{3B69CCEC-A9D7-4B90-A08A-CE6B729662E8}"
EndProject
Project("{2150E333-8FDC-42A3-9474-1A3956D46DE8}") = "Domain", "Domain", "{00EF3FF5-CD34-489B-B7EF-3823DBFCE624}"
EndProject
Project("{2150E333-8FDC-42A3-9474-1A3956D46DE8}") = "Infrastructure", "Infrastructure", "{821A7939-3CF5-42B8-9322-A901ADB00FFE}"
EndProject
Project("{9A19103F-16F7-4668-BE54-9A1E7A4F7556}") = "CrossPlatformChatApp.Domain", "CrossPlatformChatApp.Domain\CrossPlatformChatApp.Domain.csproj", "{F6172E85-DBE2-4493-9E7F-89741B260FD0}"
EndProject
Project("{9A19103F-16F7-4668-BE54-9A1E7A4F7556}") = "CrossPlatformChatApp.Application", "CrossPlatformChatApp.Application\CrossPlatformChatApp.Application.csproj", "{4921820D-39B0-4CC2-9B27-D28B17B52B07}"
EndProject
Project("{2150E333-8FDC-42A3-9474-1A3956D46DE8}") = "API", "API", "{00074908-BB0E-4D1A-8600-DE9A6C626AF3}"
EndProject
Project("{9A19103F-16F7-4668-BE54-9A1E7A4F7556}") = "CrossPlatformChatApp.API", "CrossPlatformChatApp.API\CrossPlatformChatApp.API.csproj", "{66C2AA40-66DF-4CFF-AF81-5D650453F255}"
EndProject
Project("{9A19103F-16F7-4668-BE54-9A1E7A4F7556}") = "CrossPlatformChatApp.Persistence", "CrossPlatformChatApp.Persistence\CrossPlatformChatApp.Persistence.csproj", "{29339D56-32A4-4E22-8338-03AA3A04C6F8}"
EndProject
Project("{9A19103F-16F7-4668-BE54-9A1E7A4F7556}") = "CrossPlatformChatApp.App", "CrossPlatformChatApp.App\CrossPlatformChatApp.App.csproj", "{15E65630-9437-4536-9573-97FF51E3C8D6}"
EndProject
Project("{9A19103F-16F7-4668-BE54-9A1E7A4F7556}") = "CrossPlatformChatApp.Identity", "CrossPlatformChatApp.Identity\CrossPlatformChatApp.Identity.csproj", "{16FC0786-789F-4A73-AEAE-C0871B54EEE2}"
EndProject
Project("{FAE04EC0-301F-11D3-BF4B-00C04F79EFBC}") = "CrossPlatformChatApp.Test.Application.UnitTests", "CrossPlatformChatApp.Test.Application.UnitTest\CrossPlatformChatApp.Test.Application.UnitTests.csproj", "{76C3FDDF-CE6B-42F2-84D0-9C88C1143429}"
EndProject
Project("{FAE04EC0-301F-11D3-BF4B-00C04F79EFBC}") = "CrossPlatformChatApp.Test.Infrastructure.Persistence.IntegrationTests", "CrossPlatformChatApp.Test.Infrastructure.Persistence.IntegrationTests\CrossPlatformChatApp.Test.Infrastructure.Persistence.IntegrationTests.csproj", "{5B88EE5A-6C4B-48ED-9F2E-8B2F89CED8E5}"
EndProject
Global
	GlobalSection(SolutionConfigurationPlatforms) = preSolution
		Debug|Any CPU = Debug|Any CPU
		Release|Any CPU = Release|Any CPU
	EndGlobalSection
	GlobalSection(ProjectConfigurationPlatforms) = postSolution
		{F6172E85-DBE2-4493-9E7F-89741B260FD0}.Debug|Any CPU.ActiveCfg = Debug|Any CPU
		{F6172E85-DBE2-4493-9E7F-89741B260FD0}.Debug|Any CPU.Build.0 = Debug|Any CPU
		{F6172E85-DBE2-4493-9E7F-89741B260FD0}.Release|Any CPU.ActiveCfg = Release|Any CPU
		{F6172E85-DBE2-4493-9E7F-89741B260FD0}.Release|Any CPU.Build.0 = Release|Any CPU
		{4921820D-39B0-4CC2-9B27-D28B17B52B07}.Debug|Any CPU.ActiveCfg = Debug|Any CPU
		{4921820D-39B0-4CC2-9B27-D28B17B52B07}.Debug|Any CPU.Build.0 = Debug|Any CPU
		{4921820D-39B0-4CC2-9B27-D28B17B52B07}.Release|Any CPU.ActiveCfg = Release|Any CPU
		{4921820D-39B0-4CC2-9B27-D28B17B52B07}.Release|Any CPU.Build.0 = Release|Any CPU
		{66C2AA40-66DF-4CFF-AF81-5D650453F255}.Debug|Any CPU.ActiveCfg = Debug|Any CPU
		{66C2AA40-66DF-4CFF-AF81-5D650453F255}.Debug|Any CPU.Build.0 = Debug|Any CPU
		{66C2AA40-66DF-4CFF-AF81-5D650453F255}.Release|Any CPU.ActiveCfg = Release|Any CPU
		{66C2AA40-66DF-4CFF-AF81-5D650453F255}.Release|Any CPU.Build.0 = Release|Any CPU
		{29339D56-32A4-4E22-8338-03AA3A04C6F8}.Debug|Any CPU.ActiveCfg = Debug|Any CPU
		{29339D56-32A4-4E22-8338-03AA3A04C6F8}.Debug|Any CPU.Build.0 = Debug|Any CPU
		{29339D56-32A4-4E22-8338-03AA3A04C6F8}.Release|Any CPU.ActiveCfg = Release|Any CPU
		{29339D56-32A4-4E22-8338-03AA3A04C6F8}.Release|Any CPU.Build.0 = Release|Any CPU
		{15E65630-9437-4536-9573-97FF51E3C8D6}.Debug|Any CPU.ActiveCfg = Debug|Any CPU
		{15E65630-9437-4536-9573-97FF51E3C8D6}.Debug|Any CPU.Build.0 = Debug|Any CPU
		{15E65630-9437-4536-9573-97FF51E3C8D6}.Debug|Any CPU.Deploy.0 = Debug|Any CPU
		{15E65630-9437-4536-9573-97FF51E3C8D6}.Release|Any CPU.ActiveCfg = Release|Any CPU
		{15E65630-9437-4536-9573-97FF51E3C8D6}.Release|Any CPU.Build.0 = Release|Any CPU
		{15E65630-9437-4536-9573-97FF51E3C8D6}.Release|Any CPU.Deploy.0 = Release|Any CPU
		{16FC0786-789F-4A73-AEAE-C0871B54EEE2}.Debug|Any CPU.ActiveCfg = Debug|Any CPU
		{16FC0786-789F-4A73-AEAE-C0871B54EEE2}.Debug|Any CPU.Build.0 = Debug|Any CPU
		{16FC0786-789F-4A73-AEAE-C0871B54EEE2}.Release|Any CPU.ActiveCfg = Release|Any CPU
		{16FC0786-789F-4A73-AEAE-C0871B54EEE2}.Release|Any CPU.Build.0 = Release|Any CPU
		{76C3FDDF-CE6B-42F2-84D0-9C88C1143429}.Debug|Any CPU.ActiveCfg = Debug|Any CPU
		{76C3FDDF-CE6B-42F2-84D0-9C88C1143429}.Debug|Any CPU.Build.0 = Debug|Any CPU
		{76C3FDDF-CE6B-42F2-84D0-9C88C1143429}.Release|Any CPU.ActiveCfg = Release|Any CPU
		{76C3FDDF-CE6B-42F2-84D0-9C88C1143429}.Release|Any CPU.Build.0 = Release|Any CPU
		{5B88EE5A-6C4B-48ED-9F2E-8B2F89CED8E5}.Debug|Any CPU.ActiveCfg = Debug|Any CPU
		{5B88EE5A-6C4B-48ED-9F2E-8B2F89CED8E5}.Debug|Any CPU.Build.0 = Debug|Any CPU
		{5B88EE5A-6C4B-48ED-9F2E-8B2F89CED8E5}.Release|Any CPU.ActiveCfg = Release|Any CPU
		{5B88EE5A-6C4B-48ED-9F2E-8B2F89CED8E5}.Release|Any CPU.Build.0 = Release|Any CPU
	EndGlobalSection
	GlobalSection(SolutionProperties) = preSolution
		HideSolutionNode = FALSE
	EndGlobalSection
	GlobalSection(NestedProjects) = preSolution
		{17712296-3D43-40C2-B09C-B1CE02DF3338} = {3A41532E-6DB7-471D-8B0C-474B8A2F7463}
		{3B69CCEC-A9D7-4B90-A08A-CE6B729662E8} = {3A41532E-6DB7-471D-8B0C-474B8A2F7463}
		{00EF3FF5-CD34-489B-B7EF-3823DBFCE624} = {3A41532E-6DB7-471D-8B0C-474B8A2F7463}
		{821A7939-3CF5-42B8-9322-A901ADB00FFE} = {3A41532E-6DB7-471D-8B0C-474B8A2F7463}
		{F6172E85-DBE2-4493-9E7F-89741B260FD0} = {00EF3FF5-CD34-489B-B7EF-3823DBFCE624}
		{4921820D-39B0-4CC2-9B27-D28B17B52B07} = {3B69CCEC-A9D7-4B90-A08A-CE6B729662E8}
		{00074908-BB0E-4D1A-8600-DE9A6C626AF3} = {3A41532E-6DB7-471D-8B0C-474B8A2F7463}
		{66C2AA40-66DF-4CFF-AF81-5D650453F255} = {00074908-BB0E-4D1A-8600-DE9A6C626AF3}
		{29339D56-32A4-4E22-8338-03AA3A04C6F8} = {821A7939-3CF5-42B8-9322-A901ADB00FFE}
		{15E65630-9437-4536-9573-97FF51E3C8D6} = {17712296-3D43-40C2-B09C-B1CE02DF3338}
		{16FC0786-789F-4A73-AEAE-C0871B54EEE2} = {821A7939-3CF5-42B8-9322-A901ADB00FFE}
		{76C3FDDF-CE6B-42F2-84D0-9C88C1143429} = {F2A9C228-2AF8-47D0-AD1D-562AA2A429A5}
		{5B88EE5A-6C4B-48ED-9F2E-8B2F89CED8E5} = {F2A9C228-2AF8-47D0-AD1D-562AA2A429A5}
	EndGlobalSection
	GlobalSection(ExtensibilityGlobals) = postSolution
		SolutionGuid = {7019B0BA-1BCB-45C9-A1E0-C7B259287A4F}
	EndGlobalSection
EndGlobal
